
Microsoft Visual Studio Solution File, Format Version 12.00
# Visual Studio Version 17
VisualStudioVersion = 17.1.32319.34
MinimumVisualStudioVersion = 10.0.40219.1
Project("{FAE04EC0-301F-11D3-BF4B-00C04F79EFBC}") = "AlgoDat", "AlgoDat\AlgoDat.csproj", "{0A1E9147-54C9-49FE-9514-FFB6C5E802D5}"
EndProject
Project("{FAE04EC0-301F-11D3-BF4B-00C04F79EFBC}") = "Algorithms", "Algorithms\Algorithms.csproj", "{F88B1C27-C9E7-4B65-B6FC-B1381ED9C809}"
EndProject
Global
	GlobalSection(SolutionConfigurationPlatforms) = preSolution
		Debug|Any CPU = Debug|Any CPU
		Release|Any CPU = Release|Any CPU
	EndGlobalSection
	GlobalSection(ProjectConfigurationPlatforms) = postSolution
		{0A1E9147-54C9-49FE-9514-FFB6C5E802D5}.Debug|Any CPU.ActiveCfg = Debug|Any CPU
		{0A1E9147-54C9-49FE-9514-FFB6C5E802D5}.Debug|Any CPU.Build.0 = Debug|Any CPU
		{0A1E9147-54C9-49FE-9514-FFB6C5E802D5}.Release|Any CPU.ActiveCfg = Release|Any CPU
		{0A1E9147-54C9-49FE-9514-FFB6C5E802D5}.Release|Any CPU.Build.0 = Release|Any CPU
		{F88B1C27-C9E7-4B65-B6FC-B1381ED9C809}.Debug|Any CPU.ActiveCfg = Debug|Any CPU
		{F88B1C27-C9E7-4B65-B6FC-B1381ED9C809}.Debug|Any CPU.Build.0 = Debug|Any CPU
		{F88B1C27-C9E7-4B65-B6FC-B1381ED9C809}.Release|Any CPU.ActiveCfg = Release|Any CPU
		{F88B1C27-C9E7-4B65-B6FC-B1381ED9C809}.Release|Any CPU.Build.0 = Release|Any CPU
	EndGlobalSection
	GlobalSection(SolutionProperties) = preSolution
		HideSolutionNode = FALSE
	EndGlobalSection
	GlobalSection(ExtensibilityGlobals) = postSolution
		SolutionGuid = {639587F6-A93D-4A2D-90A1-77DF3BB3E7EE}
	EndGlobalSection
EndGlobal
